
Microsoft Visual Studio Solution File, Format Version 12.00
# Visual Studio Version 17
VisualStudioVersion = 17.5.002.0
MinimumVisualStudioVersion = 10.0.40219.1
Project("{9A19103F-16F7-4668-BE54-9A1E7A4F7556}") = "Conversões", "Conversões.csproj", "{9744A1FB-DFC6-4369-9883-CDB96381AF3C}"
EndProject
Global
	GlobalSection(SolutionConfigurationPlatforms) = preSolution
		Debug|Any CPU = Debug|Any CPU
		Release|Any CPU = Release|Any CPU
	EndGlobalSection
	GlobalSection(ProjectConfigurationPlatforms) = postSolution
		{9744A1FB-DFC6-4369-9883-CDB96381AF3C}.Debug|Any CPU.ActiveCfg = Debug|Any CPU
		{9744A1FB-DFC6-4369-9883-CDB96381AF3C}.Debug|Any CPU.Build.0 = Debug|Any CPU
		{9744A1FB-DFC6-4369-9883-CDB96381AF3C}.Release|Any CPU.ActiveCfg = Release|Any CPU
		{9744A1FB-DFC6-4369-9883-CDB96381AF3C}.Release|Any CPU.Build.0 = Release|Any CPU
	EndGlobalSection
	GlobalSection(SolutionProperties) = preSolution
		HideSolutionNode = FALSE
	EndGlobalSection
	GlobalSection(ExtensibilityGlobals) = postSolution
		SolutionGuid = {AAEF5EA9-1E77-447F-9743-1595BA36E544}
	EndGlobalSection
EndGlobal
